// !$*UTF8*$!
{
	archiveVersion = 1;
	classes = {
	};
	objectVersion = 77;
	objects = {

/* Begin PBXContainerItemProxy section */
		6A2DF0562D874FE300DB6AD2 /* PBXContainerItemProxy */ = {
			isa = PBXContainerItemProxy;
			containerPortal = 6A2DF0372D874FE200DB6AD2 /* Project object */;
			proxyType = 1;
			remoteGlobalIDString = 6A2DF03E2D874FE200DB6AD2;
			remoteInfo = URLSession;
		};
		6A2DF0602D874FE300DB6AD2 /* PBXContainerItemProxy */ = {
			isa = PBXContainerItemProxy;
			containerPortal = 6A2DF0372D874FE200DB6AD2 /* Project object */;
			proxyType = 1;
			remoteGlobalIDString = 6A2DF03E2D874FE200DB6AD2;
			remoteInfo = URLSession;
		};
/* End PBXContainerItemProxy section */

/* Begin PBXFileReference section */
		6A2DF03F2D874FE200DB6AD2 /* URLSession.app */ = {isa = PBXFileReference; explicitFileType = wrapper.application; includeInIndex = 0; path = URLSession.app; sourceTree = BUILT_PRODUCTS_DIR; };
		6A2DF0552D874FE300DB6AD2 /* URLSessionTests.xctest */ = {isa = PBXFileReference; explicitFileType = wrapper.cfbundle; includeInIndex = 0; path = URLSessionTests.xctest; sourceTree = BUILT_PRODUCTS_DIR; };
		6A2DF05F2D874FE300DB6AD2 /* URLSessionUITests.xctest */ = {isa = PBXFileReference; explicitFileType = wrapper.cfbundle; includeInIndex = 0; path = URLSessionUITests.xctest; sourceTree = BUILT_PRODUCTS_DIR; };
/* End PBXFileReference section */

/* Begin PBXFileSystemSynchronizedBuildFileExceptionSet section */
		6A2DF0672D874FE300DB6AD2 /* Exceptions for "URLSession" folder in "URLSession" target */ = {
			isa = PBXFileSystemSynchronizedBuildFileExceptionSet;
			membershipExceptions = (
				Info.plist,
			);
			target = 6A2DF03E2D874FE200DB6AD2 /* URLSession */;
		};
/* End PBXFileSystemSynchronizedBuildFileExceptionSet section */

/* Begin PBXFileSystemSynchronizedRootGroup section */
		6A2DF0412D874FE200DB6AD2 /* URLSession */ = {
			isa = PBXFileSystemSynchronizedRootGroup;
			exceptions = (
				6A2DF0672D874FE300DB6AD2 /* Exceptions for "URLSession" folder in "URLSession" target */,
			);
			path = URLSession;
			sourceTree = "<group>";
		};
		6A2DF0582D874FE300DB6AD2 /* URLSessionTests */ = {
			isa = PBXFileSystemSynchronizedRootGroup;
			path = URLSessionTests;
			sourceTree = "<group>";
		};
		6A2DF0622D874FE300DB6AD2 /* URLSessionUITests */ = {
			isa = PBXFileSystemSynchronizedRootGroup;
			path = URLSessionUITests;
			sourceTree = "<group>";
		};
/* End PBXFileSystemSynchronizedRootGroup section */

/* Begin PBXFrameworksBuildPhase section */
		6A2DF03C2D874FE200DB6AD2 /* Frameworks */ = {
			isa = PBXFrameworksBuildPhase;
			buildActionMask = 2147483647;
			files = (
			);
			runOnlyForDeploymentPostprocessing = 0;
		};
		6A2DF0522D874FE300DB6AD2 /* Frameworks */ = {
			isa = PBXFrameworksBuildPhase;
			buildActionMask = 2147483647;
			files = (
			);
			runOnlyForDeploymentPostprocessing = 0;
		};
		6A2DF05C2D874FE300DB6AD2 /* Frameworks */ = {
			isa = PBXFrameworksBuildPhase;
			buildActionMask = 2147483647;
			files = (
			);
			runOnlyForDeploymentPostprocessing = 0;
		};
/* End PBXFrameworksBuildPhase section */

/* Begin PBXGroup section */
		6A2DF0362D874FE200DB6AD2 = {
			isa = PBXGroup;
			children = (
				6A2DF0412D874FE200DB6AD2 /* URLSession */,
				6A2DF0582D874FE300DB6AD2 /* URLSessionTests */,
				6A2DF0622D874FE300DB6AD2 /* URLSessionUITests */,
				6A2DF0402D874FE200DB6AD2 /* Products */,
			);
			sourceTree = "<group>";
		};
		6A2DF0402D874FE200DB6AD2 /* Products */ = {
			isa = PBXGroup;
			children = (
				6A2DF03F2D874FE200DB6AD2 /* URLSession.app */,
				6A2DF0552D874FE300DB6AD2 /* URLSessionTests.xctest */,
				6A2DF05F2D874FE300DB6AD2 /* URLSessionUITests.xctest */,
			);
			name = Products;
			sourceTree = "<group>";
		};
/* End PBXGroup section */

/* Begin PBXNativeTarget section */
		6A2DF03E2D874FE200DB6AD2 /* URLSession */ = {
			isa = PBXNativeTarget;
			buildConfigurationList = 6A2DF0682D874FE300DB6AD2 /* Build configuration list for PBXNativeTarget "URLSession" */;
			buildPhases = (
				6A2DF03B2D874FE200DB6AD2 /* Sources */,
				6A2DF03C2D874FE200DB6AD2 /* Frameworks */,
				6A2DF03D2D874FE200DB6AD2 /* Resources */,
			);
			buildRules = (
			);
			dependencies = (
			);
			fileSystemSynchronizedGroups = (
				6A2DF0412D874FE200DB6AD2 /* URLSession */,
			);
			name = URLSession;
			packageProductDependencies = (
			);
			productName = URLSession;
			productReference = 6A2DF03F2D874FE200DB6AD2 /* URLSession.app */;
			productType = "com.apple.product-type.application";
		};
		6A2DF0542D874FE300DB6AD2 /* URLSessionTests */ = {
			isa = PBXNativeTarget;
			buildConfigurationList = 6A2DF06D2D874FE300DB6AD2 /* Build configuration list for PBXNativeTarget "URLSessionTests" */;
			buildPhases = (
				6A2DF0512D874FE300DB6AD2 /* Sources */,
				6A2DF0522D874FE300DB6AD2 /* Frameworks */,
				6A2DF0532D874FE300DB6AD2 /* Resources */,
			);
			buildRules = (
			);
			dependencies = (
				6A2DF0572D874FE300DB6AD2 /* PBXTargetDependency */,
			);
			fileSystemSynchronizedGroups = (
				6A2DF0582D874FE300DB6AD2 /* URLSessionTests */,
			);
			name = URLSessionTests;
			packageProductDependencies = (
			);
			productName = URLSessionTests;
			productReference = 6A2DF0552D874FE300DB6AD2 /* URLSessionTests.xctest */;
			productType = "com.apple.product-type.bundle.unit-test";
		};
		6A2DF05E2D874FE300DB6AD2 /* URLSessionUITests */ = {
			isa = PBXNativeTarget;
			buildConfigurationList = 6A2DF0702D874FE300DB6AD2 /* Build configuration list for PBXNativeTarget "URLSessionUITests" */;
			buildPhases = (
				6A2DF05B2D874FE300DB6AD2 /* Sources */,
				6A2DF05C2D874FE300DB6AD2 /* Frameworks */,
				6A2DF05D2D874FE300DB6AD2 /* Resources */,
			);
			buildRules = (
			);
			dependencies = (
				6A2DF0612D874FE300DB6AD2 /* PBXTargetDependency */,
			);
			fileSystemSynchronizedGroups = (
				6A2DF0622D874FE300DB6AD2 /* URLSessionUITests */,
			);
			name = URLSessionUITests;
			packageProductDependencies = (
			);
			productName = URLSessionUITests;
			productReference = 6A2DF05F2D874FE300DB6AD2 /* URLSessionUITests.xctest */;
			productType = "com.apple.product-type.bundle.ui-testing";
		};
/* End PBXNativeTarget section */

/* Begin PBXProject section */
		6A2DF0372D874FE200DB6AD2 /* Project object */ = {
			isa = PBXProject;
			attributes = {
				BuildIndependentTargetsInParallel = 1;
				LastSwiftUpdateCheck = 1620;
				LastUpgradeCheck = 1620;
				TargetAttributes = {
					6A2DF03E2D874FE200DB6AD2 = {
						CreatedOnToolsVersion = 16.2;
					};
					6A2DF0542D874FE300DB6AD2 = {
						CreatedOnToolsVersion = 16.2;
						TestTargetID = 6A2DF03E2D874FE200DB6AD2;
					};
					6A2DF05E2D874FE300DB6AD2 = {
						CreatedOnToolsVersion = 16.2;
						TestTargetID = 6A2DF03E2D874FE200DB6AD2;
					};
				};
			};
			buildConfigurationList = 6A2DF03A2D874FE200DB6AD2 /* Build configuration list for PBXProject "URLSession" */;
			developmentRegion = en;
			hasScannedForEncodings = 0;
			knownRegions = (
				en,
				Base,
			);
			mainGroup = 6A2DF0362D874FE200DB6AD2;
			minimizedProjectReferenceProxies = 1;
			preferredProjectObjectVersion = 77;
			productRefGroup = 6A2DF0402D874FE200DB6AD2 /* Products */;
			projectDirPath = "";
			projectRoot = "";
			targets = (
				6A2DF03E2D874FE200DB6AD2 /* URLSession */,
				6A2DF0542D874FE300DB6AD2 /* URLSessionTests */,
				6A2DF05E2D874FE300DB6AD2 /* URLSessionUITests */,
			);
		};
/* End PBXProject section */

/* Begin PBXResourcesBuildPhase section */
		6A2DF03D2D874FE200DB6AD2 /* Resources */ = {
			isa = PBXResourcesBuildPhase;
			buildActionMask = 2147483647;
			files = (
			);
			runOnlyForDeploymentPostprocessing = 0;
		};
		6A2DF0532D874FE300DB6AD2 /* Resources */ = {
			isa = PBXResourcesBuildPhase;
			buildActionMask = 2147483647;
			files = (
			);
			runOnlyForDeploymentPostprocessing = 0;
		};
		6A2DF05D2D874FE300DB6AD2 /* Resources */ = {
			isa = PBXResourcesBuildPhase;
			buildActionMask = 2147483647;
			files = (
			);
			runOnlyForDeploymentPostprocessing = 0;
		};
/* End PBXResourcesBuildPhase section */

/* Begin PBXSourcesBuildPhase section */
		6A2DF03B2D874FE200DB6AD2 /* Sources */ = {
			isa = PBXSourcesBuildPhase;
			buildActionMask = 2147483647;
			files = (
			);
			runOnlyForDeploymentPostprocessing = 0;
		};
		6A2DF0512D874FE300DB6AD2 /* Sources */ = {
			isa = PBXSourcesBuildPhase;
			buildActionMask = 2147483647;
			files = (
			);
			runOnlyForDeploymentPostprocessing = 0;
		};
		6A2DF05B2D874FE300DB6AD2 /* Sources */ = {
			isa = PBXSourcesBuildPhase;
			buildActionMask = 2147483647;
			files = (
			);
			runOnlyForDeploymentPostprocessing = 0;
		};
/* End PBXSourcesBuildPhase section */

/* Begin PBXTargetDependency section */
		6A2DF0572D874FE300DB6AD2 /* PBXTargetDependency */ = {
			isa = PBXTargetDependency;
			target = 6A2DF03E2D874FE200DB6AD2 /* URLSession */;
			targetProxy = 6A2DF0562D874FE300DB6AD2 /* PBXContainerItemProxy */;
		};
		6A2DF0612D874FE300DB6AD2 /* PBXTargetDependency */ = {
			isa = PBXTargetDependency;
			target = 6A2DF03E2D874FE200DB6AD2 /* URLSession */;
			targetProxy = 6A2DF0602D874FE300DB6AD2 /* PBXContainerItemProxy */;
		};
/* End PBXTargetDependency section */

/* Begin XCBuildConfiguration section */
		6A2DF0692D874FE300DB6AD2 /* Debug */ = {
			isa = XCBuildConfiguration;
			buildSettings = {
				ASSETCATALOG_COMPILER_APPICON_NAME = AppIcon;
				ASSETCATALOG_COMPILER_GLOBAL_ACCENT_COLOR_NAME = AccentColor;
				CODE_SIGN_STYLE = Automatic;
				CURRENT_PROJECT_VERSION = 1;
				DEVELOPMENT_TEAM = 244RFX44WS;
				GENERATE_INFOPLIST_FILE = YES;
				INFOPLIST_FILE = URLSession/Info.plist;
				INFOPLIST_KEY_UIApplicationSupportsIndirectInputEvents = YES;
				INFOPLIST_KEY_UILaunchStoryboardName = LaunchScreen;
				INFOPLIST_KEY_UIMainStoryboardFile = Main;
				INFOPLIST_KEY_UISupportedInterfaceOrientations_iPad = "UIInterfaceOrientationPortrait UIInterfaceOrientationPortraitUpsideDown UIInterfaceOrientationLandscapeLeft UIInterfaceOrientationLandscapeRight";
				INFOPLIST_KEY_UISupportedInterfaceOrientations_iPhone = "UIInterfaceOrientationPortrait UIInterfaceOrientationLandscapeLeft UIInterfaceOrientationLandscapeRight";
				LD_RUNPATH_SEARCH_PATHS = (
					"$(inherited)",
					"@executable_path/Frameworks",
				);
				MARKETING_VERSION = 1.0;
				PRODUCT_BUNDLE_IDENTIFIER = o.URLSession;
				PRODUCT_NAME = "$(TARGET_NAME)";
				SWIFT_EMIT_LOC_STRINGS = YES;
				SWIFT_VERSION = 5.0;
				TARGETED_DEVICE_FAMILY = "1,2";
			};
			name = Debug;
		};
		6A2DF06A2D874FE300DB6AD2 /* Release */ = {
			isa = XCBuildConfiguration;
			buildSettings = {
				ASSETCATALOG_COMPILER_APPICON_NAME = AppIcon;
				ASSETCATALOG_COMPILER_GLOBAL_ACCENT_COLOR_NAME = AccentColor;
				CODE_SIGN_STYLE = Automatic;
				CURRENT_PROJECT_VERSION = 1;
				DEVELOPMENT_TEAM = 244RFX44WS;
				GENERATE_INFOPLIST_FILE = YES;
				INFOPLIST_FILE = URLSession/Info.plist;
				INFOPLIST_KEY_UIApplicationSupportsIndirectInputEvents = YES;
				INFOPLIST_KEY_UILaunchStoryboardName = LaunchScreen;
				INFOPLIST_KEY_UIMainStoryboardFile = Main;
				INFOPLIST_KEY_UISupportedInterfaceOrientations_iPad = "UIInterfaceOrientationPortrait UIInterfaceOrientationPortraitUpsideDown UIInterfaceOrientationLandscapeLeft UIInterfaceOrientationLandscapeRight";
				INFOPLIST_KEY_UISupportedInterfaceOrientations_iPhone = "UIInterfaceOrientationPortrait UIInterfaceOrientationLandscapeLeft UIInterfaceOrientationLandscapeRight";
				LD_RUNPATH_SEARCH_PATHS = (
					"$(inherited)",
					"@executable_path/Frameworks",
				);
				MARKETING_VERSION = 1.0;
				PRODUCT_BUNDLE_IDENTIFIER = o.URLSession;
				PRODUCT_NAME = "$(TARGET_NAME)";
				SWIFT_EMIT_LOC_STRINGS = YES;
				SWIFT_VERSION = 5.0;
				TARGETED_DEVICE_FAMILY = "1,2";
			};
			name = Release;
		};
		6A2DF06B2D874FE300DB6AD2 /* Debug */ = {
			isa = XCBuildConfiguration;
			buildSettings = {
				ALWAYS_SEARCH_USER_PATHS = NO;
				ASSETCATALOG_COMPILER_GENERATE_SWIFT_ASSET_SYMBOL_EXTENSIONS = YES;
				CLANG_ANALYZER_NONNULL = YES;
				CLANG_ANALYZER_NUMBER_OBJECT_CONVERSION = YES_AGGRESSIVE;
				CLANG_CXX_LANGUAGE_STANDARD = "gnu++20";
				CLANG_ENABLE_MODULES = YES;
				CLANG_ENABLE_OBJC_ARC = YES;
				CLANG_ENABLE_OBJC_WEAK = YES;
				CLANG_WARN_BLOCK_CAPTURE_AUTORELEASING = YES;
				CLANG_WARN_BOOL_CONVERSION = YES;
				CLANG_WARN_COMMA = YES;
				CLANG_WARN_CONSTANT_CONVERSION = YES;
				CLANG_WARN_DEPRECATED_OBJC_IMPLEMENTATIONS = YES;
				CLANG_WARN_DIRECT_OBJC_ISA_USAGE = YES_ERROR;
				CLANG_WARN_DOCUMENTATION_COMMENTS = YES;
				CLANG_WARN_EMPTY_BODY = YES;
				CLANG_WARN_ENUM_CONVERSION = YES;
				CLANG_WARN_INFINITE_RECURSION = YES;
				CLANG_WARN_INT_CONVERSION = YES;
				CLANG_WARN_NON_LITERAL_NULL_CONVERSION = YES;
				CLANG_WARN_OBJC_IMPLICIT_RETAIN_SELF = YES;
				CLANG_WARN_OBJC_LITERAL_CONVERSION = YES;
				CLANG_WARN_OBJC_ROOT_CLASS = YES_ERROR;
				CLANG_WARN_QUOTED_INCLUDE_IN_FRAMEWORK_HEADER = YES;
				CLANG_WARN_RANGE_LOOP_ANALYSIS = YES;
				CLANG_WARN_STRICT_PROTOTYPES = YES;
				CLANG_WARN_SUSPICIOUS_MOVE = YES;
				CLANG_WARN_UNGUARDED_AVAILABILITY = YES_AGGRESSIVE;
				CLANG_WARN_UNREACHABLE_CODE = YES;
				CLANG_WARN__DUPLICATE_METHOD_MATCH = YES;
				COPY_PHASE_STRIP = NO;
				DEBUG_INFORMATION_FORMAT = dwarf;
				ENABLE_STRICT_OBJC_MSGSEND = YES;
				ENABLE_TESTABILITY = YES;
				ENABLE_USER_SCRIPT_SANDBOXING = YES;
				GCC_C_LANGUAGE_STANDARD = gnu17;
				GCC_DYNAMIC_NO_PIC = NO;
				GCC_NO_COMMON_BLOCKS = YES;
				GCC_OPTIMIZATION_LEVEL = 0;
				GCC_PREPROCESSOR_DEFINITIONS = (
					"DEBUG=1",
					"$(inherited)",
				);
				GCC_WARN_64_TO_32_BIT_CONVERSION = YES;
				GCC_WARN_ABOUT_RETURN_TYPE = YES_ERROR;
				GCC_WARN_UNDECLARED_SELECTOR = YES;
				GCC_WARN_UNINITIALIZED_AUTOS = YES_AGGRESSIVE;
				GCC_WARN_UNUSED_FUNCTION = YES;
				GCC_WARN_UNUSED_VARIABLE = YES;
				IPHONEOS_DEPLOYMENT_TARGET = 18.2;
				LOCALIZATION_PREFERS_STRING_CATALOGS = YES;
				MTL_ENABLE_DEBUG_INFO = INCLUDE_SOURCE;
				MTL_FAST_MATH = YES;
				ONLY_ACTIVE_ARCH = YES;
				SDKROOT = iphoneos;
				SWIFT_ACTIVE_COMPILATION_CONDITIONS = "DEBUG $(inherited)";
				SWIFT_OPTIMIZATION_LEVEL = "-Onone";
			};
			name = Debug;
		};
		6A2DF06C2D874FE300DB6AD2 /* Release */ = {
			isa = XCBuildConfiguration;
			buildSettings = {
				ALWAYS_SEARCH_USER_PATHS = NO;
				ASSETCATALOG_COMPILER_GENERATE_SWIFT_ASSET_SYMBOL_EXTENSIONS = YES;
				CLANG_ANALYZER_NONNULL = YES;
				CLANG_ANALYZER_NUMBER_OBJECT_CONVERSION = YES_AGGRESSIVE;
				CLANG_CXX_LANGUAGE_STANDARD = "gnu++20";
				CLANG_ENABLE_MODULES = YES;
				CLANG_ENABLE_OBJC_ARC = YES;
				CLANG_ENABLE_OBJC_WEAK = YES;
				CLANG_WARN_BLOCK_CAPTURE_AUTORELEASING = YES;
				CLANG_WARN_BOOL_CONVERSION = YES;
				CLANG_WARN_COMMA = YES;
				CLANG_WARN_CONSTANT_CONVERSION = YES;
				CLANG_WARN_DEPRECATED_OBJC_IMPLEMENTATIONS = YES;
				CLANG_WARN_DIRECT_OBJC_ISA_USAGE = YES_ERROR;
				CLANG_WARN_DOCUMENTATION_COMMENTS = YES;
				CLANG_WARN_EMPTY_BODY = YES;
				CLANG_WARN_ENUM_CONVERSION = YES;
				CLANG_WARN_INFINITE_RECURSION = YES;
				CLANG_WARN_INT_CONVERSION = YES;
				CLANG_WARN_NON_LITERAL_NULL_CONVERSION = YES;
				CLANG_WARN_OBJC_IMPLICIT_RETAIN_SELF = YES;
				CLANG_WARN_OBJC_LITERAL_CONVERSION = YES;
				CLANG_WARN_OBJC_ROOT_CLASS = YES_ERROR;
				CLANG_WARN_QUOTED_INCLUDE_IN_FRAMEWORK_HEADER = YES;
				CLANG_WARN_RANGE_LOOP_ANALYSIS = YES;
				CLANG_WARN_STRICT_PROTOTYPES = YES;
				CLANG_WARN_SUSPICIOUS_MOVE = YES;
				CLANG_WARN_UNGUARDED_AVAILABILITY = YES_AGGRESSIVE;
				CLANG_WARN_UNREACHABLE_CODE = YES;
				CLANG_WARN__DUPLICATE_METHOD_MATCH = YES;
				COPY_PHASE_STRIP = NO;
				DEBUG_INFORMATION_FORMAT = "dwarf-with-dsym";
				ENABLE_NS_ASSERTIONS = NO;
				ENABLE_STRICT_OBJC_MSGSEND = YES;
				ENABLE_USER_SCRIPT_SANDBOXING = YES;
				GCC_C_LANGUAGE_STANDARD = gnu17;
				GCC_NO_COMMON_BLOCKS = YES;
				GCC_WARN_64_TO_32_BIT_CONVERSION = YES;
				GCC_WARN_ABOUT_RETURN_TYPE = YES_ERROR;
				GCC_WARN_UNDECLARED_SELECTOR = YES;
				GCC_WARN_UNINITIALIZED_AUTOS = YES_AGGRESSIVE;
				GCC_WARN_UNUSED_FUNCTION = YES;
				GCC_WARN_UNUSED_VARIABLE = YES;
				IPHONEOS_DEPLOYMENT_TARGET = 18.2;
				LOCALIZATION_PREFERS_STRING_CATALOGS = YES;
				MTL_ENABLE_DEBUG_INFO = NO;
				MTL_FAST_MATH = YES;
				SDKROOT = iphoneos;
				SWIFT_COMPILATION_MODE = wholemodule;
				VALIDATE_PRODUCT = YES;
			};
			name = Release;
		};
		6A2DF06E2D874FE300DB6AD2 /* Debug */ = {
			isa = XCBuildConfiguration;
			buildSettings = {
				BUNDLE_LOADER = "$(TEST_HOST)";
				CODE_SIGN_STYLE = Automatic;
				CURRENT_PROJECT_VERSION = 1;
				DEVELOPMENT_TEAM = 244RFX44WS;
				GENERATE_INFOPLIST_FILE = YES;
				IPHONEOS_DEPLOYMENT_TARGET = 18.2;
				MARKETING_VERSION = 1.0;
				PRODUCT_BUNDLE_IDENTIFIER = o.URLSessionTests;
				PRODUCT_NAME = "$(TARGET_NAME)";
				SWIFT_EMIT_LOC_STRINGS = NO;
				SWIFT_VERSION = 5.0;
				TARGETED_DEVICE_FAMILY = "1,2";
				TEST_HOST = "$(BUILT_PRODUCTS_DIR)/URLSession.app/$(BUNDLE_EXECUTABLE_FOLDER_PATH)/URLSession";
			};
			name = Debug;
		};
		6A2DF06F2D874FE300DB6AD2 /* Release */ = {
			isa = XCBuildConfiguration;
			buildSettings = {
				BUNDLE_LOADER = "$(TEST_HOST)";
				CODE_SIGN_STYLE = Automatic;
				CURRENT_PROJECT_VERSION = 1;
				DEVELOPMENT_TEAM = 244RFX44WS;
				GENERATE_INFOPLIST_FILE = YES;
				IPHONEOS_DEPLOYMENT_TARGET = 18.2;
				MARKETING_VERSION = 1.0;
				PRODUCT_BUNDLE_IDENTIFIER = o.URLSessionTests;
				PRODUCT_NAME = "$(TARGET_NAME)";
				SWIFT_EMIT_LOC_STRINGS = NO;
				SWIFT_VERSION = 5.0;
				TARGETED_DEVICE_FAMILY = "1,2";
				TEST_HOST = "$(BUILT_PRODUCTS_DIR)/URLSession.app/$(BUNDLE_EXECUTABLE_FOLDER_PATH)/URLSession";
			};
			name = Release;
		};
		6A2DF0712D874FE300DB6AD2 /* Debug */ = {
			isa = XCBuildConfiguration;
			buildSettings = {
				CODE_SIGN_STYLE = Automatic;
				CURRENT_PROJECT_VERSION = 1;
				DEVELOPMENT_TEAM = 244RFX44WS;
				GENERATE_INFOPLIST_FILE = YES;
				MARKETING_VERSION = 1.0;
				PRODUCT_BUNDLE_IDENTIFIER = o.URLSessionUITests;
				PRODUCT_NAME = "$(TARGET_NAME)";
				SWIFT_EMIT_LOC_STRINGS = NO;
				SWIFT_VERSION = 5.0;
				TARGETED_DEVICE_FAMILY = "1,2";
				TEST_TARGET_NAME = URLSession;
			};
			name = Debug;
		};
		6A2DF0722D874FE300DB6AD2 /* Release */ = {
			isa = XCBuildConfiguration;
			buildSettings = {
				CODE_SIGN_STYLE = Automatic;
				CURRENT_PROJECT_VERSION = 1;
				DEVELOPMENT_TEAM = 244RFX44WS;
				GENERATE_INFOPLIST_FILE = YES;
				MARKETING_VERSION = 1.0;
				PRODUCT_BUNDLE_IDENTIFIER = o.URLSessionUITests;
				PRODUCT_NAME = "$(TARGET_NAME)";
				SWIFT_EMIT_LOC_STRINGS = NO;
				SWIFT_VERSION = 5.0;
				TARGETED_DEVICE_FAMILY = "1,2";
				TEST_TARGET_NAME = URLSession;
			};
			name = Release;
		};
/* End XCBuildConfiguration section */

/* Begin XCConfigurationList section */
		6A2DF03A2D874FE200DB6AD2 /* Build configuration list for PBXProject "URLSession" */ = {
			isa = XCConfigurationList;
			buildConfigurations = (
				6A2DF06B2D874FE300DB6AD2 /* Debug */,
				6A2DF06C2D874FE300DB6AD2 /* Release */,
			);
			defaultConfigurationIsVisible = 0;
			defaultConfigurationName = Release;
		};
		6A2DF0682D874FE300DB6AD2 /* Build configuration list for PBXNativeTarget "URLSession" */ = {
			isa = XCConfigurationList;
			buildConfigurations = (
				6A2DF0692D874FE300DB6AD2 /* Debug */,
				6A2DF06A2D874FE300DB6AD2 /* Release */,
			);
			defaultConfigurationIsVisible = 0;
			defaultConfigurationName = Release;
		};
		6A2DF06D2D874FE300DB6AD2 /* Build configuration list for PBXNativeTarget "URLSessionTests" */ = {
			isa = XCConfigurationList;
			buildConfigurations = (
				6A2DF06E2D874FE300DB6AD2 /* Debug */,
				6A2DF06F2D874FE300DB6AD2 /* Release */,
			);
			defaultConfigurationIsVisible = 0;
			defaultConfigurationName = Release;
		};
		6A2DF0702D874FE300DB6AD2 /* Build configuration list for PBXNativeTarget "URLSessionUITests" */ = {
			isa = XCConfigurationList;
			buildConfigurations = (
				6A2DF0712D874FE300DB6AD2 /* Debug */,
				6A2DF0722D874FE300DB6AD2 /* Release */,
			);
			defaultConfigurationIsVisible = 0;
			defaultConfigurationName = Release;
		};
/* End XCConfigurationList section */
	};
	rootObject = 6A2DF0372D874FE200DB6AD2 /* Project object */;
}
